
Microsoft Visual Studio Solution File, Format Version 12.00
# Visual Studio Version 16
VisualStudioVersion = 16.0.30804.86
MinimumVisualStudioVersion = 10.0.40219.1
Project("{8BC9CEB8-8B4A-11D0-8D11-00A0C91BC942}") = "greedy", "greedy.vcxproj", "{57AC9E28-63E5-41A2-AB34-4A1177B3AB51}"
EndProject
Global
	GlobalSection(SolutionConfigurationPlatforms) = preSolution
		Debug|x64 = Debug|x64
		Debug|x86 = Debug|x86
		Release|x64 = Release|x64
		Release|x86 = Release|x86
	EndGlobalSection
	GlobalSection(ProjectConfigurationPlatforms) = postSolution
		{57AC9E28-63E5-41A2-AB34-4A1177B3AB51}.Debug|x64.ActiveCfg = Debug|x64
		{57AC9E28-63E5-41A2-AB34-4A1177B3AB51}.Debug|x64.Build.0 = Debug|x64
		{57AC9E28-63E5-41A2-AB34-4A1177B3AB51}.Debug|x86.ActiveCfg = Debug|Win32
		{57AC9E28-63E5-41A2-AB34-4A1177B3AB51}.Debug|x86.Build.0 = Debug|Win32
		{57AC9E28-63E5-41A2-AB34-4A1177B3AB51}.Release|x64.ActiveCfg = Release|x64
		{57AC9E28-63E5-41A2-AB34-4A1177B3AB51}.Release|x64.Build.0 = Release|x64
		{57AC9E28-63E5-41A2-AB34-4A1177B3AB51}.Release|x86.ActiveCfg = Release|Win32
		{57AC9E28-63E5-41A2-AB34-4A1177B3AB51}.Release|x86.Build.0 = Release|Win32
	EndGlobalSection
	GlobalSection(SolutionProperties) = preSolution
		HideSolutionNode = FALSE
	EndGlobalSection
	GlobalSection(ExtensibilityGlobals) = postSolution
		SolutionGuid = {9B6A9C06-2F89-4858-83FD-C07F81D086FD}
	EndGlobalSection
EndGlobal
